
Microsoft Visual Studio Solution File, Format Version 12.00
# Visual Studio Version 17
VisualStudioVersion = 17.0.31919.166
MinimumVisualStudioVersion = 10.0.40219.1
Project("{9A19103F-16F7-4668-BE54-9A1E7A4F7556}") = "IntroCSharp e .NET", "IntroCSharp e .NET\IntroCSharp e .NET.csproj", "{3EC62FEB-7B91-46A8-9D70-0FBC45C91348}"
EndProject
Global
	GlobalSection(SolutionConfigurationPlatforms) = preSolution
		Debug|Any CPU = Debug|Any CPU
		Release|Any CPU = Release|Any CPU
	EndGlobalSection
	GlobalSection(ProjectConfigurationPlatforms) = postSolution
		{3EC62FEB-7B91-46A8-9D70-0FBC45C91348}.Debug|Any CPU.ActiveCfg = Debug|Any CPU
		{3EC62FEB-7B91-46A8-9D70-0FBC45C91348}.Debug|Any CPU.Build.0 = Debug|Any CPU
		{3EC62FEB-7B91-46A8-9D70-0FBC45C91348}.Release|Any CPU.ActiveCfg = Release|Any CPU
		{3EC62FEB-7B91-46A8-9D70-0FBC45C91348}.Release|Any CPU.Build.0 = Release|Any CPU
	EndGlobalSection
	GlobalSection(SolutionProperties) = preSolution
		HideSolutionNode = FALSE
	EndGlobalSection
	GlobalSection(ExtensibilityGlobals) = postSolution
		SolutionGuid = {D5880896-5644-428F-AFF7-00B38F6F4F67}
	EndGlobalSection
EndGlobal
