
Microsoft Visual Studio Solution File, Format Version 12.00
# Visual Studio Version 17
VisualStudioVersion = 17.0.31919.166
MinimumVisualStudioVersion = 10.0.40219.1
Project("{9A19103F-16F7-4668-BE54-9A1E7A4F7556}") = "Conecta VS - Github", "Conecta VS - Github\Conecta VS - Github.csproj", "{299A6CF2-6C77-411A-B5B5-53843D39292A}"
EndProject
Project("{FAE04EC0-301F-11D3-BF4B-00C04F79EFBC}") = "Conecta VS - GithubTests", "Conecta VS - GithubTests\Conecta VS - GithubTests.csproj", "{39490D5F-F01F-484D-BBF8-8B2FC87EC652}"
EndProject
Global
	GlobalSection(SolutionConfigurationPlatforms) = preSolution
		Debug|Any CPU = Debug|Any CPU
		Release|Any CPU = Release|Any CPU
	EndGlobalSection
	GlobalSection(ProjectConfigurationPlatforms) = postSolution
		{299A6CF2-6C77-411A-B5B5-53843D39292A}.Debug|Any CPU.ActiveCfg = Debug|Any CPU
		{299A6CF2-6C77-411A-B5B5-53843D39292A}.Debug|Any CPU.Build.0 = Debug|Any CPU
		{299A6CF2-6C77-411A-B5B5-53843D39292A}.Release|Any CPU.ActiveCfg = Release|Any CPU
		{299A6CF2-6C77-411A-B5B5-53843D39292A}.Release|Any CPU.Build.0 = Release|Any CPU
		{39490D5F-F01F-484D-BBF8-8B2FC87EC652}.Debug|Any CPU.ActiveCfg = Debug|Any CPU
		{39490D5F-F01F-484D-BBF8-8B2FC87EC652}.Debug|Any CPU.Build.0 = Debug|Any CPU
		{39490D5F-F01F-484D-BBF8-8B2FC87EC652}.Release|Any CPU.ActiveCfg = Release|Any CPU
		{39490D5F-F01F-484D-BBF8-8B2FC87EC652}.Release|Any CPU.Build.0 = Release|Any CPU
	EndGlobalSection
	GlobalSection(SolutionProperties) = preSolution
		HideSolutionNode = FALSE
	EndGlobalSection
	GlobalSection(ExtensibilityGlobals) = postSolution
		SolutionGuid = {E92635D9-800D-47D3-8B91-49892D9928A7}
	EndGlobalSection
EndGlobal
